
Microsoft Visual Studio Solution File, Format Version 12.00
# Visual Studio Version 16
VisualStudioVersion = 16.0.31205.134
MinimumVisualStudioVersion = 10.0.40219.1
Project("{FAE04EC0-301F-11D3-BF4B-00C04F79EFBC}") = "while loop even", "while loop even\while loop even.csproj", "{24072D07-071E-4B4F-B8AB-B05054655221}"
EndProject
Global
	GlobalSection(SolutionConfigurationPlatforms) = preSolution
		Debug|Any CPU = Debug|Any CPU
		Release|Any CPU = Release|Any CPU
	EndGlobalSection
	GlobalSection(ProjectConfigurationPlatforms) = postSolution
		{24072D07-071E-4B4F-B8AB-B05054655221}.Debug|Any CPU.ActiveCfg = Debug|Any CPU
		{24072D07-071E-4B4F-B8AB-B05054655221}.Debug|Any CPU.Build.0 = Debug|Any CPU
		{24072D07-071E-4B4F-B8AB-B05054655221}.Release|Any CPU.ActiveCfg = Release|Any CPU
		{24072D07-071E-4B4F-B8AB-B05054655221}.Release|Any CPU.Build.0 = Release|Any CPU
	EndGlobalSection
	GlobalSection(SolutionProperties) = preSolution
		HideSolutionNode = FALSE
	EndGlobalSection
	GlobalSection(ExtensibilityGlobals) = postSolution
		SolutionGuid = {02F67244-9FA7-480B-B437-5A0B82B807D2}
	EndGlobalSection
EndGlobal
